{
  "name": "opay_payment_nodejs",
  "version": "1.0.0",
  "lockfileVersion": 3,
  "requires": true,
  "packages": {
    "": {
      "name": "opay_payment_nodejs",
      "version": "1.0.0",
      "license": "ISC",
      "dependencies": {
        "buffer": "^5.0.6",
        "elementtree": "^0.1.7",
        "iconv-lite": "^0.4.18"
      },
      "devDependencies": {}
    },
    "node_modules/base64-js": {
      "version": "1.2.1",
      "license": "MIT"
    },
    "node_modules/buffer": {
      "version": "5.0.6",
      "license": "MIT",
      "dependencies": {
        "base64-js": "^1.0.2",
        "ieee754": "^1.1.4"
      }
    },
    "node_modules/elementtree": {
      "version": "0.1.7",
      "license": "Apache-2.0",
      "dependencies": {
        "sax": "1.1.4"
      },
      "engines": {
        "node": ">= 0.4.0"
      }
    },
    "node_modules/iconv-lite": {
      "version": "0.4.18",
      "license": "MIT",
      "engines": {
        "node": ">=0.10.0"
      }
    },
    "node_modules/ieee754": {
      "version": "1.1.8",
      "license": "BSD-3-Clause"
    },
    "node_modules/sax": {
      "version": "1.1.4",
      "license": "ISC"
    }
  }
}
